{
  "version": "5",
  "specifiers": {
    "npm:daisyui@^5.0.50": "5.0.50"
  },
  "npm": {
    "daisyui@5.0.50": {
      "integrity": "sha512-c1PweK5RI1C76q58FKvbS4jzgyNJSP6CGTQ+KkZYzADdJoERnOxFoeLfDHmQgxLpjEzlYhFMXCeodQNLCC9bow==",
      "tarball": "https://registry.npmmirror.com/daisyui/-/daisyui-5.0.50.tgz"
    }
  },
  "workspace": {
    "packageJson": {
      "dependencies": [
        "npm:@nuxt/devtools@^2.6.2",
        "npm:@nuxt/kit@^3.18.1",
        "npm:@pinia/nuxt@~0.11.2",
        "npm:@tailwindcss/vite@^4.1.11",
        "npm:@types/geojson@^7946.0.16",
        "npm:daisyui@^5.0.50",
        "npm:h3@^1.15.4",
        "npm:maplibre-gl@^5.6.1",
        "npm:nuxt@^3.18.1",
        "npm:pinia-orm@2.0.0-alpha.2",
        "npm:pinia@latest",
        "npm:tailwindcss@^4.1.11",
        "npm:typescript@^5.9.2",
        "npm:ufo@^1.6.1",
        "npm:vue-router@^4.5.1",
        "npm:vue@^3.5.18"
      ]
    }
  }
}
